
Microsoft Visual Studio Solution File, Format Version 12.00
# Visual Studio Version 16
VisualStudioVersion = 16.0.29503.13
MinimumVisualStudioVersion = 10.0.40219.1
Project("{FAE04EC0-301F-11D3-BF4B-00C04F79EFBC}") = "更新项目引用的包到最新版本", "更新项目引用的包到最新版本.csproj", "{B271047F-EA39-4C35-88E7-8589616061C4}"
EndProject
Project("{FAE04EC0-301F-11D3-BF4B-00C04F79EFBC}") = "VSIX_Nuget", "..\VSIX_Nuget\VSIX_Nuget.csproj", "{224A758C-61DB-442F-9BF8-1631B354DA70}"
EndProject
Project("{FAE04EC0-301F-11D3-BF4B-00C04F79EFBC}") = "VSIXProject1", "..\VSIXProject1\VSIXProject1.csproj", "{CE529C5B-A842-4E33-B77A-44ED3F2BC135}"
EndProject
Global
	GlobalSection(SolutionConfigurationPlatforms) = preSolution
		Debug|Any CPU = Debug|Any CPU
		Release|Any CPU = Release|Any CPU
	EndGlobalSection
	GlobalSection(ProjectConfigurationPlatforms) = postSolution
		{B271047F-EA39-4C35-88E7-8589616061C4}.Debug|Any CPU.ActiveCfg = Debug|Any CPU
		{B271047F-EA39-4C35-88E7-8589616061C4}.Debug|Any CPU.Build.0 = Debug|Any CPU
		{B271047F-EA39-4C35-88E7-8589616061C4}.Release|Any CPU.ActiveCfg = Release|Any CPU
		{B271047F-EA39-4C35-88E7-8589616061C4}.Release|Any CPU.Build.0 = Release|Any CPU
		{224A758C-61DB-442F-9BF8-1631B354DA70}.Debug|Any CPU.ActiveCfg = Debug|Any CPU
		{224A758C-61DB-442F-9BF8-1631B354DA70}.Debug|Any CPU.Build.0 = Debug|Any CPU
		{224A758C-61DB-442F-9BF8-1631B354DA70}.Release|Any CPU.ActiveCfg = Release|Any CPU
		{224A758C-61DB-442F-9BF8-1631B354DA70}.Release|Any CPU.Build.0 = Release|Any CPU
		{CE529C5B-A842-4E33-B77A-44ED3F2BC135}.Debug|Any CPU.ActiveCfg = Debug|Any CPU
		{CE529C5B-A842-4E33-B77A-44ED3F2BC135}.Debug|Any CPU.Build.0 = Debug|Any CPU
		{CE529C5B-A842-4E33-B77A-44ED3F2BC135}.Release|Any CPU.ActiveCfg = Release|Any CPU
		{CE529C5B-A842-4E33-B77A-44ED3F2BC135}.Release|Any CPU.Build.0 = Release|Any CPU
	EndGlobalSection
	GlobalSection(SolutionProperties) = preSolution
		HideSolutionNode = FALSE
	EndGlobalSection
	GlobalSection(ExtensibilityGlobals) = postSolution
		SolutionGuid = {EE824936-BD38-44AD-B98D-6A94D59CD9AD}
	EndGlobalSection
EndGlobal
